
Microsoft Visual Studio Solution File, Format Version 12.00
# Visual Studio Version 17
VisualStudioVersion = 17.1.32421.90
MinimumVisualStudioVersion = 10.0.40219.1
Project("{888888A0-9F3D-457C-B088-3A5042F75D52}") = "ProjectDelta", "ProjectDelta\ProjectDelta.pyproj", "{CBB2061C-55E8-49ED-B83D-95F4F77F66FE}"
EndProject
Global
	GlobalSection(SolutionConfigurationPlatforms) = preSolution
		Debug|Any CPU = Debug|Any CPU
		Release|Any CPU = Release|Any CPU
	EndGlobalSection
	GlobalSection(ProjectConfigurationPlatforms) = postSolution
		{CBB2061C-55E8-49ED-B83D-95F4F77F66FE}.Debug|Any CPU.ActiveCfg = Debug|Any CPU
		{CBB2061C-55E8-49ED-B83D-95F4F77F66FE}.Release|Any CPU.ActiveCfg = Release|Any CPU
	EndGlobalSection
	GlobalSection(SolutionProperties) = preSolution
		HideSolutionNode = FALSE
	EndGlobalSection
	GlobalSection(ExtensibilityGlobals) = postSolution
		SolutionGuid = {FFF6999B-58A0-4496-885E-BA322389B308}
	EndGlobalSection
EndGlobal
